// !$*UTF8*$!
{
	archiveVersion = 1;
	classes = {
	};
	objectVersion = 46;
	objects = {

/* Begin PBXBuildFile section */
		04580D2E1A25CB1800A4A9B2 /* AppDelegate.m in Sources */ = {isa = PBXBuildFile; fileRef = 04580D0B1A25CB1800A4A9B2 /* AppDelegate.m */; };
		04580D2F1A25CB1800A4A9B2 /* ApplicationDataManager.m in Sources */ = {isa = PBXBuildFile; fileRef = 04580D0D1A25CB1800A4A9B2 /* ApplicationDataManager.m */; };
		04580D301A25CB1800A4A9B2 /* DownloadManager.m in Sources */ = {isa = PBXBuildFile; fileRef = 04580D0F1A25CB1800A4A9B2 /* DownloadManager.m */; };
		04580D311A25CB1800A4A9B2 /* GuideDetailViewController.m in Sources */ = {isa = PBXBuildFile; fileRef = 04580D111A25CB1800A4A9B2 /* GuideDetailViewController.m */; };
		04580D321A25CB1800A4A9B2 /* GuideMasterViewController.m in Sources */ = {isa = PBXBuildFile; fileRef = 04580D131A25CB1800A4A9B2 /* GuideMasterViewController.m */; };
		04580D341A25CB1800A4A9B2 /* Main.storyboard in Resources */ = {isa = PBXBuildFile; fileRef = 04580D161A25CB1800A4A9B2 /* Main.storyboard */; };
		04580D361A25CB1800A4A9B2 /* MoreViewController.m in Sources */ = {isa = PBXBuildFile; fileRef = 04580D191A25CB1800A4A9B2 /* MoreViewController.m */; };
		04580D3D1A25CB1800A4A9B2 /* PropertyListBasedViewController.m in Sources */ = {isa = PBXBuildFile; fileRef = 04580D271A25CB1800A4A9B2 /* PropertyListBasedViewController.m */; };
		04580D3E1A25CB1800A4A9B2 /* SkillMotionPlayer.m in Sources */ = {isa = PBXBuildFile; fileRef = 04580D291A25CB1800A4A9B2 /* SkillMotionPlayer.m */; };
		04580D3F1A25CB1800A4A9B2 /* SkillMotionPlayerViewController.m in Sources */ = {isa = PBXBuildFile; fileRef = 04580D2B1A25CB1800A4A9B2 /* SkillMotionPlayerViewController.m */; };
		04B655541A41B6EB008E308F /* PropertyListBasedTableViewCell.xib in Resources */ = {isa = PBXBuildFile; fileRef = 04B655531A41B6EB008E308F /* PropertyListBasedTableViewCell.xib */; };
		35375CAC20D0FE45004642CB /* LaunchScreen.storyboard in Resources */ = {isa = PBXBuildFile; fileRef = 35375CAB20D0FE45004642CB /* LaunchScreen.storyboard */; };
		3546A89220D1024C002FEC38 /* UIColor+Integer.m in Sources */ = {isa = PBXBuildFile; fileRef = 3546A89120D1024C002FEC38 /* UIColor+Integer.m */; };
		35B9241620D10B600081BD00 /* HitboxesConfigurationViewController.swift in Sources */ = {isa = PBXBuildFile; fileRef = 35B9241520D10B600081BD00 /* HitboxesConfigurationViewController.swift */; };
		35B9241820D115590081BD00 /* PropertyListBasedTableViewCell.swift in Sources */ = {isa = PBXBuildFile; fileRef = 35B9241720D115590081BD00 /* PropertyListBasedTableViewCell.swift */; };
		EE318CB5183E363E0081370B /* AudioToolbox.framework in Frameworks */ = {isa = PBXBuildFile; fileRef = EE318CB4183E363E0081370B /* AudioToolbox.framework */; };
		EEA48CA31775E59F00351CAB /* Security.framework in Frameworks */ = {isa = PBXBuildFile; fileRef = EEA48CA21775E59F00351CAB /* Security.framework */; };
		EEA48CA51775E79000351CAB /* ImageIO.framework in Frameworks */ = {isa = PBXBuildFile; fileRef = EEA48CA41775E79000351CAB /* ImageIO.framework */; };
		EEADB06C17FA72B3004E2F60 /* Images.xcassets in Resources */ = {isa = PBXBuildFile; fileRef = EEADB06B17FA72B3004E2F60 /* Images.xcassets */; };
		EEE27ACF176C1347008A41AB /* UIKit.framework in Frameworks */ = {isa = PBXBuildFile; fileRef = EEE27ACE176C1347008A41AB /* UIKit.framework */; };
		EEE27AD1176C1347008A41AB /* Foundation.framework in Frameworks */ = {isa = PBXBuildFile; fileRef = EEE27AD0176C1347008A41AB /* Foundation.framework */; };
		EEE27AD3176C1347008A41AB /* CoreGraphics.framework in Frameworks */ = {isa = PBXBuildFile; fileRef = EEE27AD2176C1347008A41AB /* CoreGraphics.framework */; };
		EEE27AD9176C1347008A41AB /* InfoPlist.strings in Resources */ = {isa = PBXBuildFile; fileRef = EEE27AD7176C1347008A41AB /* InfoPlist.strings */; };
		EEE27ADB176C1347008A41AB /* main.m in Sources */ = {isa = PBXBuildFile; fileRef = EEE27ADA176C1347008A41AB /* main.m */; };
		EEE27AEC176C1424008A41AB /* AVFoundation.framework in Frameworks */ = {isa = PBXBuildFile; fileRef = EEE27AEB176C1424008A41AB /* AVFoundation.framework */; };
		EEE27AEE176C1430008A41AB /* CoreData.framework in Frameworks */ = {isa = PBXBuildFile; fileRef = EEE27AED176C1430008A41AB /* CoreData.framework */; };
		EEE27AF0176C1457008A41AB /* CoreMedia.framework in Frameworks */ = {isa = PBXBuildFile; fileRef = EEE27AEF176C1457008A41AB /* CoreMedia.framework */; };
		EEE27AF2176C1465008A41AB /* MediaPlayer.framework in Frameworks */ = {isa = PBXBuildFile; fileRef = EEE27AF1176C1465008A41AB /* MediaPlayer.framework */; };
		EEE27AF4176C1470008A41AB /* MessageUI.framework in Frameworks */ = {isa = PBXBuildFile; fileRef = EEE27AF3176C1470008A41AB /* MessageUI.framework */; };
		EEE27AF6176C147C008A41AB /* QuartzCore.framework in Frameworks */ = {isa = PBXBuildFile; fileRef = EEE27AF5176C147C008A41AB /* QuartzCore.framework */; };
		EEE27AFA176C1490008A41AB /* SystemConfiguration.framework in Frameworks */ = {isa = PBXBuildFile; fileRef = EEE27AF9176C1490008A41AB /* SystemConfiguration.framework */; };
		EEE27BB8176C1653008A41AB /* AlexBody@2x~ipad.png in Resources */ = {isa = PBXBuildFile; fileRef = EEE27B16176C1653008A41AB /* AlexBody@2x~ipad.png */; };
		EEE27BB9176C1653008A41AB /* AlexBody@2x~iphone.png in Resources */ = {isa = PBXBuildFile; fileRef = EEE27B17176C1653008A41AB /* AlexBody@2x~iphone.png */; };
		EEE27BBC176C1653008A41AB /* Chun-liBody@2x~ipad.png in Resources */ = {isa = PBXBuildFile; fileRef = EEE27B1A176C1653008A41AB /* Chun-liBody@2x~ipad.png */; };
		EEE27BBD176C1653008A41AB /* Chun-liBody@2x~iphone.png in Resources */ = {isa = PBXBuildFile; fileRef = EEE27B1B176C1653008A41AB /* Chun-liBody@2x~iphone.png */; };
		EEE27BC0176C1653008A41AB /* DudleyBody@2x~ipad.png in Resources */ = {isa = PBXBuildFile; fileRef = EEE27B1E176C1653008A41AB /* DudleyBody@2x~ipad.png */; };
		EEE27BC1176C1653008A41AB /* DudleyBody@2x~iphone.png in Resources */ = {isa = PBXBuildFile; fileRef = EEE27B1F176C1653008A41AB /* DudleyBody@2x~iphone.png */; };
		EEE27BC4176C1653008A41AB /* ElenaBody@2x~ipad.png in Resources */ = {isa = PBXBuildFile; fileRef = EEE27B22176C1653008A41AB /* ElenaBody@2x~ipad.png */; };
		EEE27BC5176C1653008A41AB /* ElenaBody@2x~iphone.png in Resources */ = {isa = PBXBuildFile; fileRef = EEE27B23176C1653008A41AB /* ElenaBody@2x~iphone.png */; };
		EEE27BCA176C1653008A41AB /* GoukiBody@2x~ipad.png in Resources */ = {isa = PBXBuildFile; fileRef = EEE27B28176C1653008A41AB /* GoukiBody@2x~ipad.png */; };
		EEE27BCB176C1653008A41AB /* GoukiBody@2x~iphone.png in Resources */ = {isa = PBXBuildFile; fileRef = EEE27B29176C1653008A41AB /* GoukiBody@2x~iphone.png */; };
		EEE27BCE176C1653008A41AB /* HugoBody@2x~ipad.png in Resources */ = {isa = PBXBuildFile; fileRef = EEE27B2C176C1653008A41AB /* HugoBody@2x~ipad.png */; };
		EEE27BCF176C1653008A41AB /* HugoBody@2x~iphone.png in Resources */ = {isa = PBXBuildFile; fileRef = EEE27B2D176C1653008A41AB /* HugoBody@2x~iphone.png */; };
		EEE27BD2176C1653008A41AB /* IbukiBody@2x~ipad.png in Resources */ = {isa = PBXBuildFile; fileRef = EEE27B30176C1653008A41AB /* IbukiBody@2x~ipad.png */; };
		EEE27BD3176C1653008A41AB /* IbukiBody@2x~iphone.png in Resources */ = {isa = PBXBuildFile; fileRef = EEE27B31176C1653008A41AB /* IbukiBody@2x~iphone.png */; };
		EEE27BD6176C1653008A41AB /* KenBody@2x~ipad.png in Resources */ = {isa = PBXBuildFile; fileRef = EEE27B34176C1653008A41AB /* KenBody@2x~ipad.png */; };
		EEE27BD7176C1653008A41AB /* KenBody@2x~iphone.png in Resources */ = {isa = PBXBuildFile; fileRef = EEE27B35176C1653008A41AB /* KenBody@2x~iphone.png */; };
		EEE27BDA176C1653008A41AB /* MakotoBody@2x~ipad.png in Resources */ = {isa = PBXBuildFile; fileRef = EEE27B38176C1653008A41AB /* MakotoBody@2x~ipad.png */; };
		EEE27BDB176C1653008A41AB /* MakotoBody@2x~iphone.png in Resources */ = {isa = PBXBuildFile; fileRef = EEE27B39176C1653008A41AB /* MakotoBody@2x~iphone.png */; };
		EEE27BDE176C1653008A41AB /* NecroBody@2x~ipad.png in Resources */ = {isa = PBXBuildFile; fileRef = EEE27B3C176C1653008A41AB /* NecroBody@2x~ipad.png */; };
		EEE27BDF176C1653008A41AB /* NecroBody@2x~iphone.png in Resources */ = {isa = PBXBuildFile; fileRef = EEE27B3D176C1653008A41AB /* NecroBody@2x~iphone.png */; };
		EEE27BE2176C1653008A41AB /* OroBody@2x~ipad.png in Resources */ = {isa = PBXBuildFile; fileRef = EEE27B40176C1653008A41AB /* OroBody@2x~ipad.png */; };
		EEE27BE3176C1653008A41AB /* OroBody@2x~iphone.png in Resources */ = {isa = PBXBuildFile; fileRef = EEE27B41176C1653008A41AB /* OroBody@2x~iphone.png */; };
		EEE27BE6176C1653008A41AB /* QBody@2x~ipad.png in Resources */ = {isa = PBXBuildFile; fileRef = EEE27B44176C1653008A41AB /* QBody@2x~ipad.png */; };
		EEE27BE7176C1653008A41AB /* QBody@2x~iphone.png in Resources */ = {isa = PBXBuildFile; fileRef = EEE27B45176C1653008A41AB /* QBody@2x~iphone.png */; };
		EEE27BEA176C1653008A41AB /* RemyBody@2x~ipad.png in Resources */ = {isa = PBXBuildFile; fileRef = EEE27B48176C1653008A41AB /* RemyBody@2x~ipad.png */; };
		EEE27BEB176C1653008A41AB /* RemyBody@2x~iphone.png in Resources */ = {isa = PBXBuildFile; fileRef = EEE27B49176C1653008A41AB /* RemyBody@2x~iphone.png */; };
		EEE27BEE176C1653008A41AB /* RyuBody@2x~ipad.png in Resources */ = {isa = PBXBuildFile; fileRef = EEE27B4C176C1653008A41AB /* RyuBody@2x~ipad.png */; };
		EEE27BEF176C1653008A41AB /* RyuBody@2x~iphone.png in Resources */ = {isa = PBXBuildFile; fileRef = EEE27B4D176C1653008A41AB /* RyuBody@2x~iphone.png */; };
		EEE27BF2176C1653008A41AB /* SeanBody@2x~ipad.png in Resources */ = {isa = PBXBuildFile; fileRef = EEE27B50176C1653008A41AB /* SeanBody@2x~ipad.png */; };
		EEE27BF3176C1653008A41AB /* SeanBody@2x~iphone.png in Resources */ = {isa = PBXBuildFile; fileRef = EEE27B51176C1653008A41AB /* SeanBody@2x~iphone.png */; };
		EEE27BF6176C1653008A41AB /* TwelveBody@2x~ipad.png in Resources */ = {isa = PBXBuildFile; fileRef = EEE27B54176C1653008A41AB /* TwelveBody@2x~ipad.png */; };
		EEE27BF7176C1653008A41AB /* TwelveBody@2x~iphone.png in Resources */ = {isa = PBXBuildFile; fileRef = EEE27B55176C1653008A41AB /* TwelveBody@2x~iphone.png */; };
		EEE27BFA176C1653008A41AB /* UrienBody@2x~ipad.png in Resources */ = {isa = PBXBuildFile; fileRef = EEE27B58176C1653008A41AB /* UrienBody@2x~ipad.png */; };
		EEE27BFB176C1653008A41AB /* UrienBody@2x~iphone.png in Resources */ = {isa = PBXBuildFile; fileRef = EEE27B59176C1653008A41AB /* UrienBody@2x~iphone.png */; };
		EEE27BFE176C1653008A41AB /* YangBody@2x~ipad.png in Resources */ = {isa = PBXBuildFile; fileRef = EEE27B5C176C1653008A41AB /* YangBody@2x~ipad.png */; };
		EEE27BFF176C1653008A41AB /* YangBody@2x~iphone.png in Resources */ = {isa = PBXBuildFile; fileRef = EEE27B5D176C1653008A41AB /* YangBody@2x~iphone.png */; };
		EEE27C02176C1653008A41AB /* YunBody@2x~ipad.png in Resources */ = {isa = PBXBuildFile; fileRef = EEE27B60176C1653008A41AB /* YunBody@2x~ipad.png */; };
		EEE27C03176C1653008A41AB /* YunBody@2x~iphone.png in Resources */ = {isa = PBXBuildFile; fileRef = EEE27B61176C1653008A41AB /* YunBody@2x~iphone.png */; };
		EEE27C07176C1653008A41AB /* AlexHead@2x.png in Resources */ = {isa = PBXBuildFile; fileRef = EEE27B66176C1653008A41AB /* AlexHead@2x.png */; };
		EEE27C09176C1653008A41AB /* Chun-liHead@2x.png in Resources */ = {isa = PBXBuildFile; fileRef = EEE27B68176C1653008A41AB /* Chun-liHead@2x.png */; };
		EEE27C0B176C1653008A41AB /* DudleyHead@2x.png in Resources */ = {isa = PBXBuildFile; fileRef = EEE27B6A176C1653008A41AB /* DudleyHead@2x.png */; };
		EEE27C0D176C1653008A41AB /* ElenaHead@2x.png in Resources */ = {isa = PBXBuildFile; fileRef = EEE27B6C176C1653008A41AB /* ElenaHead@2x.png */; };
		EEE27C0F176C1653008A41AB /* GoukiHead@2x.png in Resources */ = {isa = PBXBuildFile; fileRef = EEE27B6E176C1653008A41AB /* GoukiHead@2x.png */; };
		EEE27C11176C1653008A41AB /* HugoHead@2x.png in Resources */ = {isa = PBXBuildFile; fileRef = EEE27B70176C1653008A41AB /* HugoHead@2x.png */; };
		EEE27C13176C1653008A41AB /* IbukiHead@2x.png in Resources */ = {isa = PBXBuildFile; fileRef = EEE27B72176C1653008A41AB /* IbukiHead@2x.png */; };
		EEE27C15176C1653008A41AB /* KenHead@2x.png in Resources */ = {isa = PBXBuildFile; fileRef = EEE27B74176C1653008A41AB /* KenHead@2x.png */; };
		EEE27C17176C1653008A41AB /* MakotoHead@2x.png in Resources */ = {isa = PBXBuildFile; fileRef = EEE27B76176C1653008A41AB /* MakotoHead@2x.png */; };
		EEE27C19176C1653008A41AB /* NecroHead@2x.png in Resources */ = {isa = PBXBuildFile; fileRef = EEE27B78176C1653008A41AB /* NecroHead@2x.png */; };
		EEE27C1B176C1653008A41AB /* OroHead@2x.png in Resources */ = {isa = PBXBuildFile; fileRef = EEE27B7A176C1653008A41AB /* OroHead@2x.png */; };
		EEE27C1D176C1653008A41AB /* QHead@2x.png in Resources */ = {isa = PBXBuildFile; fileRef = EEE27B7C176C1653008A41AB /* QHead@2x.png */; };
		EEE27C1F176C1653008A41AB /* RemyHead@2x.png in Resources */ = {isa = PBXBuildFile; fileRef = EEE27B7E176C1653008A41AB /* RemyHead@2x.png */; };
		EEE27C21176C1653008A41AB /* RyuHead@2x.png in Resources */ = {isa = PBXBuildFile; fileRef = EEE27B80176C1653008A41AB /* RyuHead@2x.png */; };
		EEE27C23176C1653008A41AB /* SeanHead@2x.png in Resources */ = {isa = PBXBuildFile; fileRef = EEE27B82176C1653008A41AB /* SeanHead@2x.png */; };
		EEE27C25176C1653008A41AB /* TwelveHead@2x.png in Resources */ = {isa = PBXBuildFile; fileRef = EEE27B84176C1653008A41AB /* TwelveHead@2x.png */; };
		EEE27C27176C1653008A41AB /* UrienHead@2x.png in Resources */ = {isa = PBXBuildFile; fileRef = EEE27B86176C1653008A41AB /* UrienHead@2x.png */; };
		EEE27C29176C1653008A41AB /* YangHead@2x.png in Resources */ = {isa = PBXBuildFile; fileRef = EEE27B88176C1653008A41AB /* YangHead@2x.png */; };
		EEE27C2B176C1653008A41AB /* YunHead@2x.png in Resources */ = {isa = PBXBuildFile; fileRef = EEE27B8A176C1653008A41AB /* YunHead@2x.png */; };
		EEE27C2C176C1653008A41AB /* Alex.plist in Resources */ = {isa = PBXBuildFile; fileRef = EEE27B8C176C1653008A41AB /* Alex.plist */; };
		EEE27C2D176C1653008A41AB /* Chun-li.plist in Resources */ = {isa = PBXBuildFile; fileRef = EEE27B8D176C1653008A41AB /* Chun-li.plist */; };
		EEE27C2E176C1653008A41AB /* Dudley.plist in Resources */ = {isa = PBXBuildFile; fileRef = EEE27B8E176C1653008A41AB /* Dudley.plist */; };
		EEE27C2F176C1654008A41AB /* Elena.plist in Resources */ = {isa = PBXBuildFile; fileRef = EEE27B8F176C1653008A41AB /* Elena.plist */; };
		EEE27C30176C1654008A41AB /* Gouki.plist in Resources */ = {isa = PBXBuildFile; fileRef = EEE27B90176C1653008A41AB /* Gouki.plist */; };
		EEE27C31176C1654008A41AB /* Guide.plist in Resources */ = {isa = PBXBuildFile; fileRef = EEE27B91176C1653008A41AB /* Guide.plist */; };
		EEE27C32176C1654008A41AB /* Hugo.plist in Resources */ = {isa = PBXBuildFile; fileRef = EEE27B92176C1653008A41AB /* Hugo.plist */; };
		EEE27C33176C1654008A41AB /* Ibuki.plist in Resources */ = {isa = PBXBuildFile; fileRef = EEE27B93176C1653008A41AB /* Ibuki.plist */; };
		EEE27C34176C1654008A41AB /* Ken.plist in Resources */ = {isa = PBXBuildFile; fileRef = EEE27B94176C1653008A41AB /* Ken.plist */; };
		EEE27C35176C1654008A41AB /* Makoto.plist in Resources */ = {isa = PBXBuildFile; fileRef = EEE27B95176C1653008A41AB /* Makoto.plist */; };
		EEE27C37176C1654008A41AB /* Necro.plist in Resources */ = {isa = PBXBuildFile; fileRef = EEE27B97176C1653008A41AB /* Necro.plist */; };
		EEE27C38176C1654008A41AB /* Oro.plist in Resources */ = {isa = PBXBuildFile; fileRef = EEE27B98176C1653008A41AB /* Oro.plist */; };
		EEE27C39176C1654008A41AB /* Q.plist in Resources */ = {isa = PBXBuildFile; fileRef = EEE27B99176C1653008A41AB /* Q.plist */; };
		EEE27C3A176C1654008A41AB /* Remy.plist in Resources */ = {isa = PBXBuildFile; fileRef = EEE27B9A176C1653008A41AB /* Remy.plist */; };
		EEE27C3B176C1654008A41AB /* Ryu.plist in Resources */ = {isa = PBXBuildFile; fileRef = EEE27B9B176C1653008A41AB /* Ryu.plist */; };
		EEE27C3C176C1654008A41AB /* Sean.plist in Resources */ = {isa = PBXBuildFile; fileRef = EEE27B9C176C1653008A41AB /* Sean.plist */; };
		EEE27C3D176C1654008A41AB /* Twelve.plist in Resources */ = {isa = PBXBuildFile; fileRef = EEE27B9D176C1653008A41AB /* Twelve.plist */; };
		EEE27C3E176C1654008A41AB /* Urien.plist in Resources */ = {isa = PBXBuildFile; fileRef = EEE27B9E176C1653008A41AB /* Urien.plist */; };
		EEE27C3F176C1654008A41AB /* Yang.plist in Resources */ = {isa = PBXBuildFile; fileRef = EEE27B9F176C1653008A41AB /* Yang.plist */; };
		EEE27C40176C1654008A41AB /* Yun.plist in Resources */ = {isa = PBXBuildFile; fileRef = EEE27BA0176C1653008A41AB /* Yun.plist */; };
/* End PBXBuildFile section */

/* Begin PBXFileReference section */
		04580D0A1A25CB1800A4A9B2 /* AppDelegate.h */ = {isa = PBXFileReference; fileEncoding = 4; lastKnownFileType = sourcecode.c.h; path = AppDelegate.h; sourceTree = "<group>"; };
		04580D0B1A25CB1800A4A9B2 /* AppDelegate.m */ = {isa = PBXFileReference; fileEncoding = 4; lastKnownFileType = sourcecode.c.objc; path = AppDelegate.m; sourceTree = "<group>"; };
		04580D0C1A25CB1800A4A9B2 /* ApplicationDataManager.h */ = {isa = PBXFileReference; fileEncoding = 4; lastKnownFileType = sourcecode.c.h; path = ApplicationDataManager.h; sourceTree = "<group>"; };
		04580D0D1A25CB1800A4A9B2 /* ApplicationDataManager.m */ = {isa = PBXFileReference; fileEncoding = 4; lastKnownFileType = sourcecode.c.objc; path = ApplicationDataManager.m; sourceTree = "<group>"; };
		04580D0E1A25CB1800A4A9B2 /* DownloadManager.h */ = {isa = PBXFileReference; fileEncoding = 4; lastKnownFileType = sourcecode.c.h; path = DownloadManager.h; sourceTree = "<group>"; };
		04580D0F1A25CB1800A4A9B2 /* DownloadManager.m */ = {isa = PBXFileReference; fileEncoding = 4; lastKnownFileType = sourcecode.c.objc; path = DownloadManager.m; sourceTree = "<group>"; };
		04580D101A25CB1800A4A9B2 /* GuideDetailViewController.h */ = {isa = PBXFileReference; fileEncoding = 4; lastKnownFileType = sourcecode.c.h; path = GuideDetailViewController.h; sourceTree = "<group>"; };
		04580D111A25CB1800A4A9B2 /* GuideDetailViewController.m */ = {isa = PBXFileReference; fileEncoding = 4; lastKnownFileType = sourcecode.c.objc; path = GuideDetailViewController.m; sourceTree = "<group>"; };
		04580D131A25CB1800A4A9B2 /* GuideMasterViewController.m */ = {isa = PBXFileReference; fileEncoding = 4; lastKnownFileType = sourcecode.c.objc; path = GuideMasterViewController.m; sourceTree = "<group>"; };
		04580D161A25CB1800A4A9B2 /* Main.storyboard */ = {isa = PBXFileReference; fileEncoding = 4; lastKnownFileType = file.storyboard; path = Main.storyboard; sourceTree = "<group>"; };
		04580D181A25CB1800A4A9B2 /* MoreViewController.h */ = {isa = PBXFileReference; fileEncoding = 4; lastKnownFileType = sourcecode.c.h; path = MoreViewController.h; sourceTree = "<group>"; };
		04580D191A25CB1800A4A9B2 /* MoreViewController.m */ = {isa = PBXFileReference; fileEncoding = 4; lastKnownFileType = sourcecode.c.objc; path = MoreViewController.m; sourceTree = "<group>"; };
		04580D261A25CB1800A4A9B2 /* PropertyListBasedViewController.h */ = {isa = PBXFileReference; fileEncoding = 4; lastKnownFileType = sourcecode.c.h; path = PropertyListBasedViewController.h; sourceTree = "<group>"; };
		04580D271A25CB1800A4A9B2 /* PropertyListBasedViewController.m */ = {isa = PBXFileReference; fileEncoding = 4; lastKnownFileType = sourcecode.c.objc; path = PropertyListBasedViewController.m; sourceTree = "<group>"; };
		04580D281A25CB1800A4A9B2 /* SkillMotionPlayer.h */ = {isa = PBXFileReference; fileEncoding = 4; lastKnownFileType = sourcecode.c.h; path = SkillMotionPlayer.h; sourceTree = "<group>"; };
		04580D291A25CB1800A4A9B2 /* SkillMotionPlayer.m */ = {isa = PBXFileReference; fileEncoding = 4; lastKnownFileType = sourcecode.c.objc; path = SkillMotionPlayer.m; sourceTree = "<group>"; };
		04580D2A1A25CB1800A4A9B2 /* SkillMotionPlayerViewController.h */ = {isa = PBXFileReference; fileEncoding = 4; lastKnownFileType = sourcecode.c.h; path = SkillMotionPlayerViewController.h; sourceTree = "<group>"; };
		04580D2B1A25CB1800A4A9B2 /* SkillMotionPlayerViewController.m */ = {isa = PBXFileReference; fileEncoding = 4; lastKnownFileType = sourcecode.c.objc; path = SkillMotionPlayerViewController.m; sourceTree = "<group>"; };
		04580D2C1A25CB1800A4A9B2 /* UIColor+Integer.h */ = {isa = PBXFileReference; fileEncoding = 4; lastKnownFileType = sourcecode.c.h; path = "UIColor+Integer.h"; sourceTree = "<group>"; };
		04B655531A41B6EB008E308F /* PropertyListBasedTableViewCell.xib */ = {isa = PBXFileReference; fileEncoding = 4; lastKnownFileType = file.xib; path = PropertyListBasedTableViewCell.xib; sourceTree = "<group>"; };
		35375CAB20D0FE45004642CB /* LaunchScreen.storyboard */ = {isa = PBXFileReference; lastKnownFileType = file.storyboard; path = LaunchScreen.storyboard; sourceTree = "<group>"; };
		3546A89120D1024C002FEC38 /* UIColor+Integer.m */ = {isa = PBXFileReference; fileEncoding = 4; lastKnownFileType = sourcecode.c.objc; path = "UIColor+Integer.m"; sourceTree = "<group>"; };
		35B9241420D102890081BD00 /* GuideMasterViewController.h */ = {isa = PBXFileReference; fileEncoding = 4; lastKnownFileType = sourcecode.c.h; path = GuideMasterViewController.h; sourceTree = "<group>"; };
		35B9241520D10B600081BD00 /* HitboxesConfigurationViewController.swift */ = {isa = PBXFileReference; lastKnownFileType = sourcecode.swift; path = HitboxesConfigurationViewController.swift; sourceTree = "<group>"; };
		35B9241720D115590081BD00 /* PropertyListBasedTableViewCell.swift */ = {isa = PBXFileReference; lastKnownFileType = sourcecode.swift; path = PropertyListBasedTableViewCell.swift; sourceTree = "<group>"; };
		88B6B3C31F2AD6AB00E31C39 /* i3rd-Bridging-Header.h */ = {isa = PBXFileReference; lastKnownFileType = sourcecode.c.h; path = "i3rd-Bridging-Header.h"; sourceTree = "<group>"; };
		EE318CB4183E363E0081370B /* AudioToolbox.framework */ = {isa = PBXFileReference; lastKnownFileType = wrapper.framework; name = AudioToolbox.framework; path = System/Library/Frameworks/AudioToolbox.framework; sourceTree = SDKROOT; };
		EEA36C4617769AED0007E02F /* zh-Hans */ = {isa = PBXFileReference; lastKnownFileType = text.plist.strings; name = "zh-Hans"; path = "zh-Hans.lproj/InfoPlist.strings"; sourceTree = "<group>"; };
		EEA48CA21775E59F00351CAB /* Security.framework */ = {isa = PBXFileReference; lastKnownFileType = wrapper.framework; name = Security.framework; path = System/Library/Frameworks/Security.framework; sourceTree = SDKROOT; };
		EEA48CA41775E79000351CAB /* ImageIO.framework */ = {isa = PBXFileReference; lastKnownFileType = wrapper.framework; name = ImageIO.framework; path = System/Library/Frameworks/ImageIO.framework; sourceTree = SDKROOT; };
		EEADB06B17FA72B3004E2F60 /* Images.xcassets */ = {isa = PBXFileReference; lastKnownFileType = folder.assetcatalog; path = Images.xcassets; sourceTree = "<group>"; };
		EEE27ACB176C1347008A41AB /* i3rd.app */ = {isa = PBXFileReference; explicitFileType = wrapper.application; includeInIndex = 0; path = i3rd.app; sourceTree = BUILT_PRODUCTS_DIR; };
		EEE27ACE176C1347008A41AB /* UIKit.framework */ = {isa = PBXFileReference; lastKnownFileType = wrapper.framework; name = UIKit.framework; path = System/Library/Frameworks/UIKit.framework; sourceTree = SDKROOT; };
		EEE27AD0176C1347008A41AB /* Foundation.framework */ = {isa = PBXFileReference; lastKnownFileType = wrapper.framework; name = Foundation.framework; path = System/Library/Frameworks/Foundation.framework; sourceTree = SDKROOT; };
		EEE27AD2176C1347008A41AB /* CoreGraphics.framework */ = {isa = PBXFileReference; lastKnownFileType = wrapper.framework; name = CoreGraphics.framework; path = System/Library/Frameworks/CoreGraphics.framework; sourceTree = SDKROOT; };
		EEE27AD6176C1347008A41AB /* i3rd-Info.plist */ = {isa = PBXFileReference; lastKnownFileType = text.plist.xml; path = "i3rd-Info.plist"; sourceTree = "<group>"; };
		EEE27AD8176C1347008A41AB /* en */ = {isa = PBXFileReference; lastKnownFileType = text.plist.strings; name = en; path = en.lproj/InfoPlist.strings; sourceTree = "<group>"; };
		EEE27ADA176C1347008A41AB /* main.m */ = {isa = PBXFileReference; lastKnownFileType = sourcecode.c.objc; path = main.m; sourceTree = "<group>"; };
		EEE27ADC176C1347008A41AB /* i3rd-Prefix.pch */ = {isa = PBXFileReference; lastKnownFileType = sourcecode.c.h; path = "i3rd-Prefix.pch"; sourceTree = "<group>"; };
		EEE27AEB176C1424008A41AB /* AVFoundation.framework */ = {isa = PBXFileReference; lastKnownFileType = wrapper.framework; name = AVFoundation.framework; path = System/Library/Frameworks/AVFoundation.framework; sourceTree = SDKROOT; };
		EEE27AED176C1430008A41AB /* CoreData.framework */ = {isa = PBXFileReference; lastKnownFileType = wrapper.framework; name = CoreData.framework; path = System/Library/Frameworks/CoreData.framework; sourceTree = SDKROOT; };
		EEE27AEF176C1457008A41AB /* CoreMedia.framework */ = {isa = PBXFileReference; lastKnownFileType = wrapper.framework; name = CoreMedia.framework; path = System/Library/Frameworks/CoreMedia.framework; sourceTree = SDKROOT; };
		EEE27AF1176C1465008A41AB /* MediaPlayer.framework */ = {isa = PBXFileReference; lastKnownFileType = wrapper.framework; name = MediaPlayer.framework; path = System/Library/Frameworks/MediaPlayer.framework; sourceTree = SDKROOT; };
		EEE27AF3176C1470008A41AB /* MessageUI.framework */ = {isa = PBXFileReference; lastKnownFileType = wrapper.framework; name = MessageUI.framework; path = System/Library/Frameworks/MessageUI.framework; sourceTree = SDKROOT; };
		EEE27AF5176C147C008A41AB /* QuartzCore.framework */ = {isa = PBXFileReference; lastKnownFileType = wrapper.framework; name = QuartzCore.framework; path = System/Library/Frameworks/QuartzCore.framework; sourceTree = SDKROOT; };
		EEE27AF9176C1490008A41AB /* SystemConfiguration.framework */ = {isa = PBXFileReference; lastKnownFileType = wrapper.framework; name = SystemConfiguration.framework; path = System/Library/Frameworks/SystemConfiguration.framework; sourceTree = SDKROOT; };
		EEE27B16176C1653008A41AB /* AlexBody@2x~ipad.png */ = {isa = PBXFileReference; lastKnownFileType = image.png; path = "AlexBody@2x~ipad.png"; sourceTree = "<group>"; };
		EEE27B17176C1653008A41AB /* AlexBody@2x~iphone.png */ = {isa = PBXFileReference; lastKnownFileType = image.png; path = "AlexBody@2x~iphone.png"; sourceTree = "<group>"; };
		EEE27B1A176C1653008A41AB /* Chun-liBody@2x~ipad.png */ = {isa = PBXFileReference; lastKnownFileType = image.png; path = "Chun-liBody@2x~ipad.png"; sourceTree = "<group>"; };
		EEE27B1B176C1653008A41AB /* Chun-liBody@2x~iphone.png */ = {isa = PBXFileReference; lastKnownFileType = image.png; path = "Chun-liBody@2x~iphone.png"; sourceTree = "<group>"; };
		EEE27B1E176C1653008A41AB /* DudleyBody@2x~ipad.png */ = {isa = PBXFileReference; lastKnownFileType = image.png; path = "DudleyBody@2x~ipad.png"; sourceTree = "<group>"; };
		EEE27B1F176C1653008A41AB /* DudleyBody@2x~iphone.png */ = {isa = PBXFileReference; lastKnownFileType = image.png; path = "DudleyBody@2x~iphone.png"; sourceTree = "<group>"; };
		EEE27B22176C1653008A41AB /* ElenaBody@2x~ipad.png */ = {isa = PBXFileReference; lastKnownFileType = image.png; path = "ElenaBody@2x~ipad.png"; sourceTree = "<group>"; };
		EEE27B23176C1653008A41AB /* ElenaBody@2x~iphone.png */ = {isa = PBXFileReference; lastKnownFileType = image.png; path = "ElenaBody@2x~iphone.png"; sourceTree = "<group>"; };
		EEE27B28176C1653008A41AB /* GoukiBody@2x~ipad.png */ = {isa = PBXFileReference; lastKnownFileType = image.png; path = "GoukiBody@2x~ipad.png"; sourceTree = "<group>"; };
		EEE27B29176C1653008A41AB /* GoukiBody@2x~iphone.png */ = {isa = PBXFileReference; lastKnownFileType = image.png; path = "GoukiBody@2x~iphone.png"; sourceTree = "<group>"; };
		EEE27B2C176C1653008A41AB /* HugoBody@2x~ipad.png */ = {isa = PBXFileReference; lastKnownFileType = image.png; path = "HugoBody@2x~ipad.png"; sourceTree = "<group>"; };
		EEE27B2D176C1653008A41AB /* HugoBody@2x~iphone.png */ = {isa = PBXFileReference; lastKnownFileType = image.png; path = "HugoBody@2x~iphone.png"; sourceTree = "<group>"; };
		EEE27B30176C1653008A41AB /* IbukiBody@2x~ipad.png */ = {isa = PBXFileReference; lastKnownFileType = image.png; path = "IbukiBody@2x~ipad.png"; sourceTree = "<group>"; };
		EEE27B31176C1653008A41AB /* IbukiBody@2x~iphone.png */ = {isa = PBXFileReference; lastKnownFileType = image.png; path = "IbukiBody@2x~iphone.png"; sourceTree = "<group>"; };
		EEE27B34176C1653008A41AB /* KenBody@2x~ipad.png */ = {isa = PBXFileReference; lastKnownFileType = image.png; path = "KenBody@2x~ipad.png"; sourceTree = "<group>"; };
		EEE27B35176C1653008A41AB /* KenBody@2x~iphone.png */ = {isa = PBXFileReference; lastKnownFileType = image.png; path = "KenBody@2x~iphone.png"; sourceTree = "<group>"; };
		EEE27B38176C1653008A41AB /* MakotoBody@2x~ipad.png */ = {isa = PBXFileReference; lastKnownFileType = image.png; path = "MakotoBody@2x~ipad.png"; sourceTree = "<group>"; };
		EEE27B39176C1653008A41AB /* MakotoBody@2x~iphone.png */ = {isa = PBXFileReference; lastKnownFileType = image.png; path = "MakotoBody@2x~iphone.png"; sourceTree = "<group>"; };
		EEE27B3C176C1653008A41AB /* NecroBody@2x~ipad.png */ = {isa = PBXFileReference; lastKnownFileType = image.png; path = "NecroBody@2x~ipad.png"; sourceTree = "<group>"; };
		EEE27B3D176C1653008A41AB /* NecroBody@2x~iphone.png */ = {isa = PBXFileReference; lastKnownFileType = image.png; path = "NecroBody@2x~iphone.png"; sourceTree = "<group>"; };
		EEE27B40176C1653008A41AB /* OroBody@2x~ipad.png */ = {isa = PBXFileReference; lastKnownFileType = image.png; path = "OroBody@2x~ipad.png"; sourceTree = "<group>"; };
		EEE27B41176C1653008A41AB /* OroBody@2x~iphone.png */ = {isa = PBXFileReference; lastKnownFileType = image.png; path = "OroBody@2x~iphone.png"; sourceTree = "<group>"; };
		EEE27B44176C1653008A41AB /* QBody@2x~ipad.png */ = {isa = PBXFileReference; lastKnownFileType = image.png; path = "QBody@2x~ipad.png"; sourceTree = "<group>"; };
		EEE27B45176C1653008A41AB /* QBody@2x~iphone.png */ = {isa = PBXFileReference; lastKnownFileType = image.png; path = "QBody@2x~iphone.png"; sourceTree = "<group>"; };
		EEE27B48176C1653008A41AB /* RemyBody@2x~ipad.png */ = {isa = PBXFileReference; lastKnownFileType = image.png; path = "RemyBody@2x~ipad.png"; sourceTree = "<group>"; };
		EEE27B49176C1653008A41AB /* RemyBody@2x~iphone.png */ = {isa = PBXFileReference; lastKnownFileType = image.png; path = "RemyBody@2x~iphone.png"; sourceTree = "<group>"; };
		EEE27B4C176C1653008A41AB /* RyuBody@2x~ipad.png */ = {isa = PBXFileReference; lastKnownFileType = image.png; path = "RyuBody@2x~ipad.png"; sourceTree = "<group>"; };
		EEE27B4D176C1653008A41AB /* RyuBody@2x~iphone.png */ = {isa = PBXFileReference; lastKnownFileType = image.png; path = "RyuBody@2x~iphone.png"; sourceTree = "<group>"; };
		EEE27B50176C1653008A41AB /* SeanBody@2x~ipad.png */ = {isa = PBXFileReference; lastKnownFileType = image.png; path = "SeanBody@2x~ipad.png"; sourceTree = "<group>"; };
		EEE27B51176C1653008A41AB /* SeanBody@2x~iphone.png */ = {isa = PBXFileReference; lastKnownFileType = image.png; path = "SeanBody@2x~iphone.png"; sourceTree = "<group>"; };
		EEE27B54176C1653008A41AB /* TwelveBody@2x~ipad.png */ = {isa = PBXFileReference; lastKnownFileType = image.png; path = "TwelveBody@2x~ipad.png"; sourceTree = "<group>"; };
		EEE27B55176C1653008A41AB /* TwelveBody@2x~iphone.png */ = {isa = PBXFileReference; lastKnownFileType = image.png; path = "TwelveBody@2x~iphone.png"; sourceTree = "<group>"; };
		EEE27B58176C1653008A41AB /* UrienBody@2x~ipad.png */ = {isa = PBXFileReference; lastKnownFileType = image.png; path = "UrienBody@2x~ipad.png"; sourceTree = "<group>"; };
		EEE27B59176C1653008A41AB /* UrienBody@2x~iphone.png */ = {isa = PBXFileReference; lastKnownFileType = image.png; path = "UrienBody@2x~iphone.png"; sourceTree = "<group>"; };
		EEE27B5C176C1653008A41AB /* YangBody@2x~ipad.png */ = {isa = PBXFileReference; lastKnownFileType = image.png; path = "YangBody@2x~ipad.png"; sourceTree = "<group>"; };
		EEE27B5D176C1653008A41AB /* YangBody@2x~iphone.png */ = {isa = PBXFileReference; lastKnownFileType = image.png; path = "YangBody@2x~iphone.png"; sourceTree = "<group>"; };
		EEE27B60176C1653008A41AB /* YunBody@2x~ipad.png */ = {isa = PBXFileReference; lastKnownFileType = image.png; path = "YunBody@2x~ipad.png"; sourceTree = "<group>"; };
		EEE27B61176C1653008A41AB /* YunBody@2x~iphone.png */ = {isa = PBXFileReference; lastKnownFileType = image.png; path = "YunBody@2x~iphone.png"; sourceTree = "<group>"; };
		EEE27B66176C1653008A41AB /* AlexHead@2x.png */ = {isa = PBXFileReference; lastKnownFileType = image.png; path = "AlexHead@2x.png"; sourceTree = "<group>"; };
		EEE27B68176C1653008A41AB /* Chun-liHead@2x.png */ = {isa = PBXFileReference; lastKnownFileType = image.png; path = "Chun-liHead@2x.png"; sourceTree = "<group>"; };
		EEE27B6A176C1653008A41AB /* DudleyHead@2x.png */ = {isa = PBXFileReference; lastKnownFileType = image.png; path = "DudleyHead@2x.png"; sourceTree = "<group>"; };
		EEE27B6C176C1653008A41AB /* ElenaHead@2x.png */ = {isa = PBXFileReference; lastKnownFileType = image.png; path = "ElenaHead@2x.png"; sourceTree = "<group>"; };
		EEE27B6E176C1653008A41AB /* GoukiHead@2x.png */ = {isa = PBXFileReference; lastKnownFileType = image.png; path = "GoukiHead@2x.png"; sourceTree = "<group>"; };
		EEE27B70176C1653008A41AB /* HugoHead@2x.png */ = {isa = PBXFileReference; lastKnownFileType = image.png; path = "HugoHead@2x.png"; sourceTree = "<group>"; };
		EEE27B72176C1653008A41AB /* IbukiHead@2x.png */ = {isa = PBXFileReference; lastKnownFileType = image.png; path = "IbukiHead@2x.png"; sourceTree = "<group>"; };
		EEE27B74176C1653008A41AB /* KenHead@2x.png */ = {isa = PBXFileReference; lastKnownFileType = image.png; path = "KenHead@2x.png"; sourceTree = "<group>"; };
		EEE27B76176C1653008A41AB /* MakotoHead@2x.png */ = {isa = PBXFileReference; lastKnownFileType = image.png; path = "MakotoHead@2x.png"; sourceTree = "<group>"; };
		EEE27B78176C1653008A41AB /* NecroHead@2x.png */ = {isa = PBXFileReference; lastKnownFileType = image.png; path = "NecroHead@2x.png"; sourceTree = "<group>"; };
		EEE27B7A176C1653008A41AB /* OroHead@2x.png */ = {isa = PBXFileReference; lastKnownFileType = image.png; path = "OroHead@2x.png"; sourceTree = "<group>"; };
		EEE27B7C176C1653008A41AB /* QHead@2x.png */ = {isa = PBXFileReference; lastKnownFileType = image.png; path = "QHead@2x.png"; sourceTree = "<group>"; };
		EEE27B7E176C1653008A41AB /* RemyHead@2x.png */ = {isa = PBXFileReference; lastKnownFileType = image.png; path = "RemyHead@2x.png"; sourceTree = "<group>"; };
		EEE27B80176C1653008A41AB /* RyuHead@2x.png */ = {isa = PBXFileReference; lastKnownFileType = image.png; path = "RyuHead@2x.png"; sourceTree = "<group>"; };
		EEE27B82176C1653008A41AB /* SeanHead@2x.png */ = {isa = PBXFileReference; lastKnownFileType = image.png; path = "SeanHead@2x.png"; sourceTree = "<group>"; };
		EEE27B84176C1653008A41AB /* TwelveHead@2x.png */ = {isa = PBXFileReference; lastKnownFileType = image.png; path = "TwelveHead@2x.png"; sourceTree = "<group>"; };
		EEE27B86176C1653008A41AB /* UrienHead@2x.png */ = {isa = PBXFileReference; lastKnownFileType = image.png; path = "UrienHead@2x.png"; sourceTree = "<group>"; };
		EEE27B88176C1653008A41AB /* YangHead@2x.png */ = {isa = PBXFileReference; lastKnownFileType = image.png; path = "YangHead@2x.png"; sourceTree = "<group>"; };
		EEE27B8A176C1653008A41AB /* YunHead@2x.png */ = {isa = PBXFileReference; lastKnownFileType = image.png; path = "YunHead@2x.png"; sourceTree = "<group>"; };
		EEE27B8C176C1653008A41AB /* Alex.plist */ = {isa = PBXFileReference; fileEncoding = 4; lastKnownFileType = text.plist.xml; path = Alex.plist; sourceTree = "<group>"; };
		EEE27B8D176C1653008A41AB /* Chun-li.plist */ = {isa = PBXFileReference; fileEncoding = 4; lastKnownFileType = text.plist.xml; path = "Chun-li.plist"; sourceTree = "<group>"; };
		EEE27B8E176C1653008A41AB /* Dudley.plist */ = {isa = PBXFileReference; fileEncoding = 4; lastKnownFileType = text.plist.xml; path = Dudley.plist; sourceTree = "<group>"; };
		EEE27B8F176C1653008A41AB /* Elena.plist */ = {isa = PBXFileReference; fileEncoding = 4; lastKnownFileType = text.plist.xml; path = Elena.plist; sourceTree = "<group>"; };
		EEE27B90176C1653008A41AB /* Gouki.plist */ = {isa = PBXFileReference; fileEncoding = 4; lastKnownFileType = text.plist.xml; path = Gouki.plist; sourceTree = "<group>"; };
		EEE27B91176C1653008A41AB /* Guide.plist */ = {isa = PBXFileReference; fileEncoding = 4; lastKnownFileType = text.plist.xml; path = Guide.plist; sourceTree = "<group>"; };
		EEE27B92176C1653008A41AB /* Hugo.plist */ = {isa = PBXFileReference; fileEncoding = 4; lastKnownFileType = text.plist.xml; path = Hugo.plist; sourceTree = "<group>"; };
		EEE27B93176C1653008A41AB /* Ibuki.plist */ = {isa = PBXFileReference; fileEncoding = 4; lastKnownFileType = text.plist.xml; path = Ibuki.plist; sourceTree = "<group>"; };
		EEE27B94176C1653008A41AB /* Ken.plist */ = {isa = PBXFileReference; fileEncoding = 4; lastKnownFileType = text.plist.xml; path = Ken.plist; sourceTree = "<group>"; };
		EEE27B95176C1653008A41AB /* Makoto.plist */ = {isa = PBXFileReference; fileEncoding = 4; lastKnownFileType = text.plist.xml; path = Makoto.plist; sourceTree = "<group>"; };
		EEE27B97176C1653008A41AB /* Necro.plist */ = {isa = PBXFileReference; fileEncoding = 4; lastKnownFileType = text.plist.xml; path = Necro.plist; sourceTree = "<group>"; };
		EEE27B98176C1653008A41AB /* Oro.plist */ = {isa = PBXFileReference; fileEncoding = 4; lastKnownFileType = text.plist.xml; path = Oro.plist; sourceTree = "<group>"; };
		EEE27B99176C1653008A41AB /* Q.plist */ = {isa = PBXFileReference; fileEncoding = 4; lastKnownFileType = text.plist.xml; path = Q.plist; sourceTree = "<group>"; };
		EEE27B9A176C1653008A41AB /* Remy.plist */ = {isa = PBXFileReference; fileEncoding = 4; lastKnownFileType = text.plist.xml; path = Remy.plist; sourceTree = "<group>"; };
		EEE27B9B176C1653008A41AB /* Ryu.plist */ = {isa = PBXFileReference; fileEncoding = 4; lastKnownFileType = text.plist.xml; path = Ryu.plist; sourceTree = "<group>"; };
		EEE27B9C176C1653008A41AB /* Sean.plist */ = {isa = PBXFileReference; fileEncoding = 4; lastKnownFileType = text.plist.xml; path = Sean.plist; sourceTree = "<group>"; };
		EEE27B9D176C1653008A41AB /* Twelve.plist */ = {isa = PBXFileReference; fileEncoding = 4; lastKnownFileType = text.plist.xml; path = Twelve.plist; sourceTree = "<group>"; };
		EEE27B9E176C1653008A41AB /* Urien.plist */ = {isa = PBXFileReference; fileEncoding = 4; lastKnownFileType = text.plist.xml; path = Urien.plist; sourceTree = "<group>"; };
		EEE27B9F176C1653008A41AB /* Yang.plist */ = {isa = PBXFileReference; fileEncoding = 4; lastKnownFileType = text.plist.xml; path = Yang.plist; sourceTree = "<group>"; };
		EEE27BA0176C1653008A41AB /* Yun.plist */ = {isa = PBXFileReference; fileEncoding = 4; lastKnownFileType = text.plist.xml; path = Yun.plist; sourceTree = "<group>"; };
		EEE27C76176C1FAB008A41AB /* i3rd.entitlements */ = {isa = PBXFileReference; lastKnownFileType = text.xml; path = i3rd.entitlements; sourceTree = "<group>"; };
/* End PBXFileReference section */

/* Begin PBXFrameworksBuildPhase section */
		EEE27AC8176C1347008A41AB /* Frameworks */ = {
			isa = PBXFrameworksBuildPhase;
			buildActionMask = 2147483647;
			files = (
				EE318CB5183E363E0081370B /* AudioToolbox.framework in Frameworks */,
				EEE27AEC176C1424008A41AB /* AVFoundation.framework in Frameworks */,
				EEE27AEE176C1430008A41AB /* CoreData.framework in Frameworks */,
				EEE27AD3176C1347008A41AB /* CoreGraphics.framework in Frameworks */,
				EEE27AF0176C1457008A41AB /* CoreMedia.framework in Frameworks */,
				EEE27AD1176C1347008A41AB /* Foundation.framework in Frameworks */,
				EEA48CA51775E79000351CAB /* ImageIO.framework in Frameworks */,
				EEE27AF2176C1465008A41AB /* MediaPlayer.framework in Frameworks */,
				EEE27AF4176C1470008A41AB /* MessageUI.framework in Frameworks */,
				EEE27AF6176C147C008A41AB /* QuartzCore.framework in Frameworks */,
				EEA48CA31775E59F00351CAB /* Security.framework in Frameworks */,
				EEE27AFA176C1490008A41AB /* SystemConfiguration.framework in Frameworks */,
				EEE27ACF176C1347008A41AB /* UIKit.framework in Frameworks */,
			);
			runOnlyForDeploymentPostprocessing = 0;
		};
/* End PBXFrameworksBuildPhase section */

/* Begin PBXGroup section */
		3546A89320D1025D002FEC38 /* UI */ = {
			isa = PBXGroup;
			children = (
				04580D101A25CB1800A4A9B2 /* GuideDetailViewController.h */,
				04580D111A25CB1800A4A9B2 /* GuideDetailViewController.m */,
				35B9241420D102890081BD00 /* GuideMasterViewController.h */,
				04580D131A25CB1800A4A9B2 /* GuideMasterViewController.m */,
				35B9241520D10B600081BD00 /* HitboxesConfigurationViewController.swift */,
				04580D181A25CB1800A4A9B2 /* MoreViewController.h */,
				04580D191A25CB1800A4A9B2 /* MoreViewController.m */,
				35B9241720D115590081BD00 /* PropertyListBasedTableViewCell.swift */,
				04B655531A41B6EB008E308F /* PropertyListBasedTableViewCell.xib */,
				04580D261A25CB1800A4A9B2 /* PropertyListBasedViewController.h */,
				04580D271A25CB1800A4A9B2 /* PropertyListBasedViewController.m */,
				04580D281A25CB1800A4A9B2 /* SkillMotionPlayer.h */,
				04580D291A25CB1800A4A9B2 /* SkillMotionPlayer.m */,
				04580D2A1A25CB1800A4A9B2 /* SkillMotionPlayerViewController.h */,
				04580D2B1A25CB1800A4A9B2 /* SkillMotionPlayerViewController.m */,
			);
			path = UI;
			sourceTree = "<group>";
		};
		3572AF8D20D1021F00C15871 /* Core */ = {
			isa = PBXGroup;
			children = (
				04580D0C1A25CB1800A4A9B2 /* ApplicationDataManager.h */,
				04580D0D1A25CB1800A4A9B2 /* ApplicationDataManager.m */,
				04580D0E1A25CB1800A4A9B2 /* DownloadManager.h */,
				04580D0F1A25CB1800A4A9B2 /* DownloadManager.m */,
				04580D2C1A25CB1800A4A9B2 /* UIColor+Integer.h */,
				3546A89120D1024C002FEC38 /* UIColor+Integer.m */,
			);
			path = Core;
			sourceTree = "<group>";
		};
		EEE27AC2176C1347008A41AB = {
			isa = PBXGroup;
			children = (
				EEE27AD4176C1347008A41AB /* i3rd */,
				EEE27AFB176C1631008A41AB /* Resources */,
				EEE27ACD176C1347008A41AB /* Frameworks */,
				EEE27ACC176C1347008A41AB /* Products */,
			);
			sourceTree = "<group>";
		};
		EEE27ACC176C1347008A41AB /* Products */ = {
			isa = PBXGroup;
			children = (
				EEE27ACB176C1347008A41AB /* i3rd.app */,
			);
			name = Products;
			sourceTree = "<group>";
		};
		EEE27ACD176C1347008A41AB /* Frameworks */ = {
			isa = PBXGroup;
			children = (
				EE318CB4183E363E0081370B /* AudioToolbox.framework */,
				EEE27AEB176C1424008A41AB /* AVFoundation.framework */,
				EEE27AED176C1430008A41AB /* CoreData.framework */,
				EEE27AD2176C1347008A41AB /* CoreGraphics.framework */,
				EEE27AEF176C1457008A41AB /* CoreMedia.framework */,
				EEE27AD0176C1347008A41AB /* Foundation.framework */,
				EEA48CA41775E79000351CAB /* ImageIO.framework */,
				EEE27AF1176C1465008A41AB /* MediaPlayer.framework */,
				EEE27AF3176C1470008A41AB /* MessageUI.framework */,
				EEE27AF5176C147C008A41AB /* QuartzCore.framework */,
				EEA48CA21775E59F00351CAB /* Security.framework */,
				EEE27AF9176C1490008A41AB /* SystemConfiguration.framework */,
				EEE27ACE176C1347008A41AB /* UIKit.framework */,
			);
			name = Frameworks;
			sourceTree = "<group>";
		};
		EEE27AD4176C1347008A41AB /* i3rd */ = {
			isa = PBXGroup;
			children = (
				04580D0A1A25CB1800A4A9B2 /* AppDelegate.h */,
				04580D0B1A25CB1800A4A9B2 /* AppDelegate.m */,
				35375CAB20D0FE45004642CB /* LaunchScreen.storyboard */,
				04580D161A25CB1800A4A9B2 /* Main.storyboard */,
				3572AF8D20D1021F00C15871 /* Core */,
				3546A89320D1025D002FEC38 /* UI */,
				EEADB06B17FA72B3004E2F60 /* Images.xcassets */,
				EEE27AD5176C1347008A41AB /* Supporting Files */,
			);
			path = i3rd;
			sourceTree = "<group>";
		};
		EEE27AD5176C1347008A41AB /* Supporting Files */ = {
			isa = PBXGroup;
			children = (
				88B6B3C31F2AD6AB00E31C39 /* i3rd-Bridging-Header.h */,
				EEE27AD6176C1347008A41AB /* i3rd-Info.plist */,
				EEE27AD7176C1347008A41AB /* InfoPlist.strings */,
				EEE27ADA176C1347008A41AB /* main.m */,
				EEE27ADC176C1347008A41AB /* i3rd-Prefix.pch */,
				EEE27C76176C1FAB008A41AB /* i3rd.entitlements */,
			);
			name = "Supporting Files";
			sourceTree = "<group>";
		};
		EEE27AFB176C1631008A41AB /* Resources */ = {
			isa = PBXGroup;
			children = (
				EEE27B14176C1653008A41AB /* Images */,
				EEE27B8B176C1653008A41AB /* PropertyLists */,
			);
			name = Resources;
			sourceTree = "<group>";
		};
		EEE27B14176C1653008A41AB /* Images */ = {
			isa = PBXGroup;
			children = (
				EEE27B15176C1653008A41AB /* Body */,
				EEE27B64176C1653008A41AB /* Head */,
			);
			name = Images;
			path = i3rd/Images;
			sourceTree = "<group>";
		};
		EEE27B15176C1653008A41AB /* Body */ = {
			isa = PBXGroup;
			children = (
				EEE27B17176C1653008A41AB /* AlexBody@2x~iphone.png */,
				EEE27B16176C1653008A41AB /* AlexBody@2x~ipad.png */,
				EEE27B1B176C1653008A41AB /* Chun-liBody@2x~iphone.png */,
				EEE27B1A176C1653008A41AB /* Chun-liBody@2x~ipad.png */,
				EEE27B1F176C1653008A41AB /* DudleyBody@2x~iphone.png */,
				EEE27B1E176C1653008A41AB /* DudleyBody@2x~ipad.png */,
				EEE27B23176C1653008A41AB /* ElenaBody@2x~iphone.png */,
				EEE27B22176C1653008A41AB /* ElenaBody@2x~ipad.png */,
				EEE27B29176C1653008A41AB /* GoukiBody@2x~iphone.png */,
				EEE27B28176C1653008A41AB /* GoukiBody@2x~ipad.png */,
				EEE27B2D176C1653008A41AB /* HugoBody@2x~iphone.png */,
				EEE27B2C176C1653008A41AB /* HugoBody@2x~ipad.png */,
				EEE27B31176C1653008A41AB /* IbukiBody@2x~iphone.png */,
				EEE27B30176C1653008A41AB /* IbukiBody@2x~ipad.png */,
				EEE27B35176C1653008A41AB /* KenBody@2x~iphone.png */,
				EEE27B34176C1653008A41AB /* KenBody@2x~ipad.png */,
				EEE27B39176C1653008A41AB /* MakotoBody@2x~iphone.png */,
				EEE27B38176C1653008A41AB /* MakotoBody@2x~ipad.png */,
				EEE27B3D176C1653008A41AB /* NecroBody@2x~iphone.png */,
				EEE27B3C176C1653008A41AB /* NecroBody@2x~ipad.png */,
				EEE27B41176C1653008A41AB /* OroBody@2x~iphone.png */,
				EEE27B40176C1653008A41AB /* OroBody@2x~ipad.png */,
				EEE27B45176C1653008A41AB /* QBody@2x~iphone.png */,
				EEE27B44176C1653008A41AB /* QBody@2x~ipad.png */,
				EEE27B49176C1653008A41AB /* RemyBody@2x~iphone.png */,
				EEE27B48176C1653008A41AB /* RemyBody@2x~ipad.png */,
				EEE27B4D176C1653008A41AB /* RyuBody@2x~iphone.png */,
				EEE27B4C176C1653008A41AB /* RyuBody@2x~ipad.png */,
				EEE27B51176C1653008A41AB /* SeanBody@2x~iphone.png */,
				EEE27B50176C1653008A41AB /* SeanBody@2x~ipad.png */,
				EEE27B55176C1653008A41AB /* TwelveBody@2x~iphone.png */,
				EEE27B54176C1653008A41AB /* TwelveBody@2x~ipad.png */,
				EEE27B59176C1653008A41AB /* UrienBody@2x~iphone.png */,
				EEE27B58176C1653008A41AB /* UrienBody@2x~ipad.png */,
				EEE27B5D176C1653008A41AB /* YangBody@2x~iphone.png */,
				EEE27B5C176C1653008A41AB /* YangBody@2x~ipad.png */,
				EEE27B61176C1653008A41AB /* YunBody@2x~iphone.png */,
				EEE27B60176C1653008A41AB /* YunBody@2x~ipad.png */,
			);
			path = Body;
			sourceTree = "<group>";
		};
		EEE27B64176C1653008A41AB /* Head */ = {
			isa = PBXGroup;
			children = (
				EEE27B66176C1653008A41AB /* AlexHead@2x.png */,
				EEE27B68176C1653008A41AB /* Chun-liHead@2x.png */,
				EEE27B6A176C1653008A41AB /* DudleyHead@2x.png */,
				EEE27B6C176C1653008A41AB /* ElenaHead@2x.png */,
				EEE27B6E176C1653008A41AB /* GoukiHead@2x.png */,
				EEE27B70176C1653008A41AB /* HugoHead@2x.png */,
				EEE27B72176C1653008A41AB /* IbukiHead@2x.png */,
				EEE27B74176C1653008A41AB /* KenHead@2x.png */,
				EEE27B76176C1653008A41AB /* MakotoHead@2x.png */,
				EEE27B78176C1653008A41AB /* NecroHead@2x.png */,
				EEE27B7A176C1653008A41AB /* OroHead@2x.png */,
				EEE27B7C176C1653008A41AB /* QHead@2x.png */,
				EEE27B7E176C1653008A41AB /* RemyHead@2x.png */,
				EEE27B80176C1653008A41AB /* RyuHead@2x.png */,
				EEE27B82176C1653008A41AB /* SeanHead@2x.png */,
				EEE27B84176C1653008A41AB /* TwelveHead@2x.png */,
				EEE27B86176C1653008A41AB /* UrienHead@2x.png */,
				EEE27B88176C1653008A41AB /* YangHead@2x.png */,
				EEE27B8A176C1653008A41AB /* YunHead@2x.png */,
			);
			path = Head;
			sourceTree = "<group>";
		};
		EEE27B8B176C1653008A41AB /* PropertyLists */ = {
			isa = PBXGroup;
			children = (
				EEE27B91176C1653008A41AB /* Guide.plist */,
				EEE27B8C176C1653008A41AB /* Alex.plist */,
				EEE27B8D176C1653008A41AB /* Chun-li.plist */,
				EEE27B8E176C1653008A41AB /* Dudley.plist */,
				EEE27B8F176C1653008A41AB /* Elena.plist */,
				EEE27B90176C1653008A41AB /* Gouki.plist */,
				EEE27B92176C1653008A41AB /* Hugo.plist */,
				EEE27B93176C1653008A41AB /* Ibuki.plist */,
				EEE27B94176C1653008A41AB /* Ken.plist */,
				EEE27B95176C1653008A41AB /* Makoto.plist */,
				EEE27B97176C1653008A41AB /* Necro.plist */,
				EEE27B98176C1653008A41AB /* Oro.plist */,
				EEE27B99176C1653008A41AB /* Q.plist */,
				EEE27B9A176C1653008A41AB /* Remy.plist */,
				EEE27B9B176C1653008A41AB /* Ryu.plist */,
				EEE27B9C176C1653008A41AB /* Sean.plist */,
				EEE27B9D176C1653008A41AB /* Twelve.plist */,
				EEE27B9E176C1653008A41AB /* Urien.plist */,
				EEE27B9F176C1653008A41AB /* Yang.plist */,
				EEE27BA0176C1653008A41AB /* Yun.plist */,
			);
			name = PropertyLists;
			path = i3rd/PropertyLists;
			sourceTree = "<group>";
		};
/* End PBXGroup section */

/* Begin PBXNativeTarget section */
		EEE27ACA176C1347008A41AB /* i3rd */ = {
			isa = PBXNativeTarget;
			buildConfigurationList = EEE27AE8176C1347008A41AB /* Build configuration list for PBXNativeTarget "i3rd" */;
			buildPhases = (
				EEE27AC7176C1347008A41AB /* Sources */,
				EEE27AC8176C1347008A41AB /* Frameworks */,
				EEE27AC9176C1347008A41AB /* Resources */,
			);
			buildRules = (
			);
			dependencies = (
			);
			name = i3rd;
			productName = i3rd;
			productReference = EEE27ACB176C1347008A41AB /* i3rd.app */;
			productType = "com.apple.product-type.application";
		};
/* End PBXNativeTarget section */

/* Begin PBXProject section */
		EEE27AC3176C1347008A41AB /* Project object */ = {
			isa = PBXProject;
			attributes = {
				LastUpgradeCheck = 0930;
				ORGANIZATIONNAME = "Leon & Vane";
				TargetAttributes = {
					EEE27ACA176C1347008A41AB = {
						DevelopmentTeam = A47Q8ENB5Y;
						LastSwiftMigration = 0930;
						ProvisioningStyle = Automatic;
						SystemCapabilities = {
							com.apple.ApplicationGroups.iOS = {
								enabled = 0;
							};
							com.apple.InAppPurchase = {
								enabled = 0;
							};
						};
					};
				};
			};
			buildConfigurationList = EEE27AC6176C1347008A41AB /* Build configuration list for PBXProject "i3rd" */;
			compatibilityVersion = "Xcode 3.2";
			developmentRegion = English;
			hasScannedForEncodings = 0;
			knownRegions = (
				en,
				"zh-Hans",
			);
			mainGroup = EEE27AC2176C1347008A41AB;
			productRefGroup = EEE27ACC176C1347008A41AB /* Products */;
			projectDirPath = "";
			projectRoot = "";
			targets = (
				EEE27ACA176C1347008A41AB /* i3rd */,
			);
		};
/* End PBXProject section */

/* Begin PBXResourcesBuildPhase section */
		EEE27AC9176C1347008A41AB /* Resources */ = {
			isa = PBXResourcesBuildPhase;
			buildActionMask = 2147483647;
			files = (
				EEE27AD9176C1347008A41AB /* InfoPlist.strings in Resources */,
				EEADB06C17FA72B3004E2F60 /* Images.xcassets in Resources */,
				EEE27BB8176C1653008A41AB /* AlexBody@2x~ipad.png in Resources */,
				EEE27BB9176C1653008A41AB /* AlexBody@2x~iphone.png in Resources */,
				EEE27BBC176C1653008A41AB /* Chun-liBody@2x~ipad.png in Resources */,
				EEE27BBD176C1653008A41AB /* Chun-liBody@2x~iphone.png in Resources */,
				EEE27BC0176C1653008A41AB /* DudleyBody@2x~ipad.png in Resources */,
				EEE27BC1176C1653008A41AB /* DudleyBody@2x~iphone.png in Resources */,
				EEE27BC4176C1653008A41AB /* ElenaBody@2x~ipad.png in Resources */,
				EEE27BC5176C1653008A41AB /* ElenaBody@2x~iphone.png in Resources */,
				EEE27BCA176C1653008A41AB /* GoukiBody@2x~ipad.png in Resources */,
				EEE27BCB176C1653008A41AB /* GoukiBody@2x~iphone.png in Resources */,
				EEE27BCE176C1653008A41AB /* HugoBody@2x~ipad.png in Resources */,
				EEE27BCF176C1653008A41AB /* HugoBody@2x~iphone.png in Resources */,
				EEE27BD2176C1653008A41AB /* IbukiBody@2x~ipad.png in Resources */,
				EEE27BD3176C1653008A41AB /* IbukiBody@2x~iphone.png in Resources */,
				EEE27BD6176C1653008A41AB /* KenBody@2x~ipad.png in Resources */,
				EEE27BD7176C1653008A41AB /* KenBody@2x~iphone.png in Resources */,
				EEE27BDA176C1653008A41AB /* MakotoBody@2x~ipad.png in Resources */,
				EEE27BDB176C1653008A41AB /* MakotoBody@2x~iphone.png in Resources */,
				EEE27BDE176C1653008A41AB /* NecroBody@2x~ipad.png in Resources */,
				EEE27BDF176C1653008A41AB /* NecroBody@2x~iphone.png in Resources */,
				35375CAC20D0FE45004642CB /* LaunchScreen.storyboard in Resources */,
				EEE27BE2176C1653008A41AB /* OroBody@2x~ipad.png in Resources */,
				EEE27BE3176C1653008A41AB /* OroBody@2x~iphone.png in Resources */,
				EEE27BE6176C1653008A41AB /* QBody@2x~ipad.png in Resources */,
				EEE27BE7176C1653008A41AB /* QBody@2x~iphone.png in Resources */,
				EEE27BEA176C1653008A41AB /* RemyBody@2x~ipad.png in Resources */,
				EEE27BEB176C1653008A41AB /* RemyBody@2x~iphone.png in Resources */,
				EEE27BEE176C1653008A41AB /* RyuBody@2x~ipad.png in Resources */,
				EEE27BEF176C1653008A41AB /* RyuBody@2x~iphone.png in Resources */,
				EEE27BF2176C1653008A41AB /* SeanBody@2x~ipad.png in Resources */,
				EEE27BF3176C1653008A41AB /* SeanBody@2x~iphone.png in Resources */,
				EEE27BF6176C1653008A41AB /* TwelveBody@2x~ipad.png in Resources */,
				EEE27BF7176C1653008A41AB /* TwelveBody@2x~iphone.png in Resources */,
				EEE27BFA176C1653008A41AB /* UrienBody@2x~ipad.png in Resources */,
				EEE27BFB176C1653008A41AB /* UrienBody@2x~iphone.png in Resources */,
				EEE27BFE176C1653008A41AB /* YangBody@2x~ipad.png in Resources */,
				EEE27BFF176C1653008A41AB /* YangBody@2x~iphone.png in Resources */,
				EEE27C02176C1653008A41AB /* YunBody@2x~ipad.png in Resources */,
				EEE27C03176C1653008A41AB /* YunBody@2x~iphone.png in Resources */,
				EEE27C07176C1653008A41AB /* AlexHead@2x.png in Resources */,
				EEE27C09176C1653008A41AB /* Chun-liHead@2x.png in Resources */,
				EEE27C0B176C1653008A41AB /* DudleyHead@2x.png in Resources */,
				EEE27C0D176C1653008A41AB /* ElenaHead@2x.png in Resources */,
				EEE27C0F176C1653008A41AB /* GoukiHead@2x.png in Resources */,
				EEE27C11176C1653008A41AB /* HugoHead@2x.png in Resources */,
				EEE27C13176C1653008A41AB /* IbukiHead@2x.png in Resources */,
				EEE27C15176C1653008A41AB /* KenHead@2x.png in Resources */,
				EEE27C17176C1653008A41AB /* MakotoHead@2x.png in Resources */,
				EEE27C19176C1653008A41AB /* NecroHead@2x.png in Resources */,
				EEE27C1B176C1653008A41AB /* OroHead@2x.png in Resources */,
				EEE27C1D176C1653008A41AB /* QHead@2x.png in Resources */,
				EEE27C1F176C1653008A41AB /* RemyHead@2x.png in Resources */,
				EEE27C21176C1653008A41AB /* RyuHead@2x.png in Resources */,
				EEE27C23176C1653008A41AB /* SeanHead@2x.png in Resources */,
				EEE27C25176C1653008A41AB /* TwelveHead@2x.png in Resources */,
				EEE27C27176C1653008A41AB /* UrienHead@2x.png in Resources */,
				EEE27C29176C1653008A41AB /* YangHead@2x.png in Resources */,
				EEE27C2B176C1653008A41AB /* YunHead@2x.png in Resources */,
				EEE27C2C176C1653008A41AB /* Alex.plist in Resources */,
				EEE27C2D176C1653008A41AB /* Chun-li.plist in Resources */,
				EEE27C2E176C1653008A41AB /* Dudley.plist in Resources */,
				EEE27C2F176C1654008A41AB /* Elena.plist in Resources */,
				EEE27C30176C1654008A41AB /* Gouki.plist in Resources */,
				EEE27C31176C1654008A41AB /* Guide.plist in Resources */,
				EEE27C32176C1654008A41AB /* Hugo.plist in Resources */,
				EEE27C33176C1654008A41AB /* Ibuki.plist in Resources */,
				EEE27C34176C1654008A41AB /* Ken.plist in Resources */,
				EEE27C35176C1654008A41AB /* Makoto.plist in Resources */,
				EEE27C37176C1654008A41AB /* Necro.plist in Resources */,
				04B655541A41B6EB008E308F /* PropertyListBasedTableViewCell.xib in Resources */,
				EEE27C38176C1654008A41AB /* Oro.plist in Resources */,
				EEE27C39176C1654008A41AB /* Q.plist in Resources */,
				04580D341A25CB1800A4A9B2 /* Main.storyboard in Resources */,
				EEE27C3A176C1654008A41AB /* Remy.plist in Resources */,
				EEE27C3B176C1654008A41AB /* Ryu.plist in Resources */,
				EEE27C3C176C1654008A41AB /* Sean.plist in Resources */,
				EEE27C3D176C1654008A41AB /* Twelve.plist in Resources */,
				EEE27C3E176C1654008A41AB /* Urien.plist in Resources */,
				EEE27C3F176C1654008A41AB /* Yang.plist in Resources */,
				EEE27C40176C1654008A41AB /* Yun.plist in Resources */,
			);
			runOnlyForDeploymentPostprocessing = 0;
		};
/* End PBXResourcesBuildPhase section */

/* Begin PBXSourcesBuildPhase section */
		EEE27AC7176C1347008A41AB /* Sources */ = {
			isa = PBXSourcesBuildPhase;
			buildActionMask = 2147483647;
			files = (
				35B9241820D115590081BD00 /* PropertyListBasedTableViewCell.swift in Sources */,
				04580D321A25CB1800A4A9B2 /* GuideMasterViewController.m in Sources */,
				EEE27ADB176C1347008A41AB /* main.m in Sources */,
				04580D3F1A25CB1800A4A9B2 /* SkillMotionPlayerViewController.m in Sources */,
				04580D3E1A25CB1800A4A9B2 /* SkillMotionPlayer.m in Sources */,
				04580D311A25CB1800A4A9B2 /* GuideDetailViewController.m in Sources */,
				3546A89220D1024C002FEC38 /* UIColor+Integer.m in Sources */,
				04580D3D1A25CB1800A4A9B2 /* PropertyListBasedViewController.m in Sources */,
				04580D2E1A25CB1800A4A9B2 /* AppDelegate.m in Sources */,
				35B9241620D10B600081BD00 /* HitboxesConfigurationViewController.swift in Sources */,
				04580D301A25CB1800A4A9B2 /* DownloadManager.m in Sources */,
				04580D361A25CB1800A4A9B2 /* MoreViewController.m in Sources */,
				04580D2F1A25CB1800A4A9B2 /* ApplicationDataManager.m in Sources */,
			);
			runOnlyForDeploymentPostprocessing = 0;
		};
/* End PBXSourcesBuildPhase section */

/* Begin PBXVariantGroup section */
		EEE27AD7176C1347008A41AB /* InfoPlist.strings */ = {
			isa = PBXVariantGroup;
			children = (
				EEE27AD8176C1347008A41AB /* en */,
				EEA36C4617769AED0007E02F /* zh-Hans */,
			);
			name = InfoPlist.strings;
			sourceTree = "<group>";
		};
/* End PBXVariantGroup section */

/* Begin XCBuildConfiguration section */
		EEE27AE6176C1347008A41AB /* Debug */ = {
			isa = XCBuildConfiguration;
			buildSettings = {
				ALWAYS_SEARCH_USER_PATHS = NO;
				CLANG_ANALYZER_LOCALIZABILITY_NONLOCALIZED = YES;
				CLANG_CXX_LANGUAGE_STANDARD = "gnu++0x";
				CLANG_CXX_LIBRARY = "libc++";
				CLANG_ENABLE_OBJC_ARC = YES;
				CLANG_WARN_BLOCK_CAPTURE_AUTORELEASING = YES;
				CLANG_WARN_BOOL_CONVERSION = YES;
				CLANG_WARN_COMMA = YES;
				CLANG_WARN_CONSTANT_CONVERSION = YES;
				CLANG_WARN_DEPRECATED_OBJC_IMPLEMENTATIONS = YES;
				CLANG_WARN_EMPTY_BODY = YES;
				CLANG_WARN_ENUM_CONVERSION = YES;
				CLANG_WARN_INFINITE_RECURSION = YES;
				CLANG_WARN_INT_CONVERSION = YES;
				CLANG_WARN_NON_LITERAL_NULL_CONVERSION = YES;
				CLANG_WARN_OBJC_IMPLICIT_RETAIN_SELF = YES;
				CLANG_WARN_OBJC_LITERAL_CONVERSION = YES;
				CLANG_WARN_RANGE_LOOP_ANALYSIS = YES;
				CLANG_WARN_STRICT_PROTOTYPES = YES;
				CLANG_WARN_SUSPICIOUS_MOVE = YES;
				CLANG_WARN_UNREACHABLE_CODE = YES;
				CLANG_WARN__DUPLICATE_METHOD_MATCH = YES;
				"CODE_SIGN_IDENTITY[sdk=iphoneos*]" = "iPhone Developer";
				COPY_PHASE_STRIP = NO;
				ENABLE_STRICT_OBJC_MSGSEND = YES;
				ENABLE_TESTABILITY = YES;
				GCC_C_LANGUAGE_STANDARD = gnu99;
				GCC_DYNAMIC_NO_PIC = NO;
				GCC_NO_COMMON_BLOCKS = YES;
				GCC_OPTIMIZATION_LEVEL = 0;
				GCC_PREPROCESSOR_DEFINITIONS = (
					"DEBUG=1",
					"$(inherited)",
				);
				GCC_SYMBOLS_PRIVATE_EXTERN = NO;
				GCC_WARN_64_TO_32_BIT_CONVERSION = YES;
				GCC_WARN_ABOUT_RETURN_TYPE = YES;
				GCC_WARN_UNDECLARED_SELECTOR = YES;
				GCC_WARN_UNINITIALIZED_AUTOS = YES;
				GCC_WARN_UNUSED_FUNCTION = YES;
				GCC_WARN_UNUSED_VARIABLE = YES;
				IPHONEOS_DEPLOYMENT_TARGET = 9.0;
				ONLY_ACTIVE_ARCH = YES;
				SDKROOT = iphoneos;
				TARGETED_DEVICE_FAMILY = "1,2";
			};
			name = Debug;
		};
		EEE27AE7176C1347008A41AB /* Release */ = {
			isa = XCBuildConfiguration;
			buildSettings = {
				ALWAYS_SEARCH_USER_PATHS = NO;
				CLANG_ANALYZER_LOCALIZABILITY_NONLOCALIZED = YES;
				CLANG_CXX_LANGUAGE_STANDARD = "gnu++0x";
				CLANG_CXX_LIBRARY = "libc++";
				CLANG_ENABLE_OBJC_ARC = YES;
				CLANG_WARN_BLOCK_CAPTURE_AUTORELEASING = YES;
				CLANG_WARN_BOOL_CONVERSION = YES;
				CLANG_WARN_COMMA = YES;
				CLANG_WARN_CONSTANT_CONVERSION = YES;
				CLANG_WARN_DEPRECATED_OBJC_IMPLEMENTATIONS = YES;
				CLANG_WARN_EMPTY_BODY = YES;
				CLANG_WARN_ENUM_CONVERSION = YES;
				CLANG_WARN_INFINITE_RECURSION = YES;
				CLANG_WARN_INT_CONVERSION = YES;
				CLANG_WARN_NON_LITERAL_NULL_CONVERSION = YES;
				CLANG_WARN_OBJC_IMPLICIT_RETAIN_SELF = YES;
				CLANG_WARN_OBJC_LITERAL_CONVERSION = YES;
				CLANG_WARN_RANGE_LOOP_ANALYSIS = YES;
				CLANG_WARN_STRICT_PROTOTYPES = YES;
				CLANG_WARN_SUSPICIOUS_MOVE = YES;
				CLANG_WARN_UNREACHABLE_CODE = YES;
				CLANG_WARN__DUPLICATE_METHOD_MATCH = YES;
				"CODE_SIGN_IDENTITY[sdk=iphoneos*]" = "iPhone Developer";
				COPY_PHASE_STRIP = YES;
				ENABLE_STRICT_OBJC_MSGSEND = YES;
				GCC_C_LANGUAGE_STANDARD = gnu99;
				GCC_NO_COMMON_BLOCKS = YES;
				GCC_WARN_64_TO_32_BIT_CONVERSION = YES;
				GCC_WARN_ABOUT_RETURN_TYPE = YES;
				GCC_WARN_UNDECLARED_SELECTOR = YES;
				GCC_WARN_UNINITIALIZED_AUTOS = YES;
				GCC_WARN_UNUSED_FUNCTION = YES;
				GCC_WARN_UNUSED_VARIABLE = YES;
				IPHONEOS_DEPLOYMENT_TARGET = 9.0;
				OTHER_CFLAGS = "-DNS_BLOCK_ASSERTIONS=1";
				SDKROOT = iphoneos;
				SWIFT_COMPILATION_MODE = wholemodule;
				TARGETED_DEVICE_FAMILY = "1,2";
				VALIDATE_PRODUCT = YES;
			};
			name = Release;
		};
		EEE27AE9176C1347008A41AB /* Debug */ = {
			isa = XCBuildConfiguration;
			buildSettings = {
				ASSETCATALOG_COMPILER_APPICON_NAME = AppIcon;
				CLANG_ENABLE_MODULES = YES;
				CODE_SIGN_IDENTITY = "iPhone Developer: LI JUNLIN (UC4Q2BNNGH)";
				"CODE_SIGN_IDENTITY[sdk=iphoneos*]" = "iPhone Developer";
				DEVELOPMENT_TEAM = A47Q8ENB5Y;
				FRAMEWORK_SEARCH_PATHS = (
					"$(inherited)",
					"$(PROJECT_DIR)/Carthage/Build/iOS",
				);
				GCC_PRECOMPILE_PREFIX_HEADER = YES;
				GCC_PREFIX_HEADER = "i3rd/i3rd-Prefix.pch";
				INFOPLIST_FILE = "i3rd/i3rd-Info.plist";
				IPHONEOS_DEPLOYMENT_TARGET = 9.0;
				LD_RUNPATH_SEARCH_PATHS = "$(inherited) @executable_path/Frameworks";
				LIBRARY_SEARCH_PATHS = "$(inherited)";
				OTHER_LDFLAGS = "-ObjC";
				PRODUCT_BUNDLE_IDENTIFIER = com.studiopp.i3rd;
				PRODUCT_NAME = "$(TARGET_NAME)";
				PROVISIONING_PROFILE = "";
				PROVISIONING_PROFILE_SPECIFIER = "";
				SWIFT_OBJC_BRIDGING_HEADER = "i3rd/i3rd-Bridging-Header.h";
				SWIFT_OPTIMIZATION_LEVEL = "-Onone";
				SWIFT_SWIFT3_OBJC_INFERENCE = On;
				SWIFT_VERSION = 4.0;
				TARGETED_DEVICE_FAMILY = "1,2";
				WRAPPER_EXTENSION = app;
			};
			name = Debug;
		};
		EEE27AEA176C1347008A41AB /* Release */ = {
			isa = XCBuildConfiguration;
			buildSettings = {
				ASSETCATALOG_COMPILER_APPICON_NAME = AppIcon;
				CLANG_ENABLE_MODULES = YES;
				CODE_SIGN_IDENTITY = "iPhone Developer: LI JUNLIN (UC4Q2BNNGH)";
				"CODE_SIGN_IDENTITY[sdk=iphoneos*]" = "iPhone Developer";
				DEVELOPMENT_TEAM = A47Q8ENB5Y;
				FRAMEWORK_SEARCH_PATHS = (
					"$(inherited)",
					"$(PROJECT_DIR)/Carthage/Build/iOS",
				);
				GCC_PRECOMPILE_PREFIX_HEADER = YES;
				GCC_PREFIX_HEADER = "i3rd/i3rd-Prefix.pch";
				INFOPLIST_FILE = "i3rd/i3rd-Info.plist";
				IPHONEOS_DEPLOYMENT_TARGET = 9.0;
				LD_RUNPATH_SEARCH_PATHS = "$(inherited) @executable_path/Frameworks";
				LIBRARY_SEARCH_PATHS = "$(inherited)";
				OTHER_LDFLAGS = "-ObjC";
				PRODUCT_BUNDLE_IDENTIFIER = com.studiopp.i3rd;
				PRODUCT_NAME = "$(TARGET_NAME)";
				PROVISIONING_PROFILE = "";
				PROVISIONING_PROFILE_SPECIFIER = "";
				SWIFT_OBJC_BRIDGING_HEADER = "i3rd/i3rd-Bridging-Header.h";
				SWIFT_SWIFT3_OBJC_INFERENCE = On;
				SWIFT_VERSION = 4.0;
				TARGETED_DEVICE_FAMILY = "1,2";
				WRAPPER_EXTENSION = app;
			};
			name = Release;
		};
/* End XCBuildConfiguration section */

/* Begin XCConfigurationList section */
		EEE27AC6176C1347008A41AB /* Build configuration list for PBXProject "i3rd" */ = {
			isa = XCConfigurationList;
			buildConfigurations = (
				EEE27AE6176C1347008A41AB /* Debug */,
				EEE27AE7176C1347008A41AB /* Release */,
			);
			defaultConfigurationIsVisible = 0;
			defaultConfigurationName = Release;
		};
		EEE27AE8176C1347008A41AB /* Build configuration list for PBXNativeTarget "i3rd" */ = {
			isa = XCConfigurationList;
			buildConfigurations = (
				EEE27AE9176C1347008A41AB /* Debug */,
				EEE27AEA176C1347008A41AB /* Release */,
			);
			defaultConfigurationIsVisible = 0;
			defaultConfigurationName = Release;
		};
/* End XCConfigurationList section */
	};
	rootObject = EEE27AC3176C1347008A41AB /* Project object */;
}
