{
  "originHash" : "e4224070890c19558d3fa81752290fd6d5f22cd1c0177e4198a1173ac3df473c",
  "pins" : [
    {
      "identity" : "swift-rapidyaml",
      "kind" : "remoteSourceControl",
      "location" : "https://github.com/arkadeleon/swift-rapidyaml.git",
      "state" : {
        "branch" : "master",
        "revision" : "f481114398c3611b9f969af3e008204314e5f724"
      }
    }
  ],
  "version" : 3
}
